{
  "name": "audio-guestbook",
  "version": "1.0.0",
  "lockfileVersion": 3,
  "requires": true,
  "packages": {
    "": {
      "name": "audio-guestbook",
      "version": "1.0.0",
      "license": "ISC",
      "dependencies": {
        "node-audiorecorder": "^3.0.0"
      }
    },
    "node_modules/node-audiorecorder": {
      "version": "3.0.0",
      "resolved": "https://registry.npmjs.org/node-audiorecorder/-/node-audiorecorder-3.0.0.tgz",
      "integrity": "sha512-nQepUJdQT4wD985zn7113tLZqVv0dh9ly9bsB6bE3GllPordEGUL7gFVnG2GCVArz/J/K+N50wo0574bwdpOeA=="
    }
  }
}
